
Microsoft Visual Studio Solution File, Format Version 12.00
# Visual Studio Version 17
VisualStudioVersion = 17.0.32014.148
MinimumVisualStudioVersion = 10.0.40219.1
Project("{F184B08F-C81C-45F6-A57F-5ABD9991F28F}") = "Suchan7820 - GTA Online Session Management Application", "Suchan7820 - GTA Online Session Management Application\Suchan7820 - GTA Online Session Management Application.vbproj", "{1361FBB5-026D-4A5F-B94A-147E111075FC}"
EndProject
Global
	GlobalSection(SolutionConfigurationPlatforms) = preSolution
		Debug|Any CPU = Debug|Any CPU
		Debug|x64 = Debug|x64
		Release|Any CPU = Release|Any CPU
		Release|x64 = Release|x64
	EndGlobalSection
	GlobalSection(ProjectConfigurationPlatforms) = postSolution
		{1361FBB5-026D-4A5F-B94A-147E111075FC}.Debug|Any CPU.ActiveCfg = Debug|Any CPU
		{1361FBB5-026D-4A5F-B94A-147E111075FC}.Debug|Any CPU.Build.0 = Debug|Any CPU
		{1361FBB5-026D-4A5F-B94A-147E111075FC}.Debug|x64.ActiveCfg = Debug|x64
		{1361FBB5-026D-4A5F-B94A-147E111075FC}.Debug|x64.Build.0 = Debug|x64
		{1361FBB5-026D-4A5F-B94A-147E111075FC}.Release|Any CPU.ActiveCfg = Release|Any CPU
		{1361FBB5-026D-4A5F-B94A-147E111075FC}.Release|Any CPU.Build.0 = Release|Any CPU
		{1361FBB5-026D-4A5F-B94A-147E111075FC}.Release|x64.ActiveCfg = Release|x64
		{1361FBB5-026D-4A5F-B94A-147E111075FC}.Release|x64.Build.0 = Release|x64
	EndGlobalSection
	GlobalSection(SolutionProperties) = preSolution
		HideSolutionNode = FALSE
	EndGlobalSection
	GlobalSection(ExtensibilityGlobals) = postSolution
		SolutionGuid = {CA69079B-6AC5-4FE9-8463-C8C319ECD8C6}
	EndGlobalSection
EndGlobal
